
Microsoft Visual Studio Solution File, Format Version 12.00
# Visual Studio Version 16
VisualStudioVersion = 16.0.29920.165
MinimumVisualStudioVersion = 10.0.40219.1
Project("{FAE04EC0-301F-11D3-BF4B-00C04F79EFBC}") = "1212", "1212\1212.csproj", "{76ECAC98-2D0E-4721-A59E-87919FF764F3}"
EndProject
Global
	GlobalSection(SolutionConfigurationPlatforms) = preSolution
		Debug|Any CPU = Debug|Any CPU
		Release|Any CPU = Release|Any CPU
	EndGlobalSection
	GlobalSection(ProjectConfigurationPlatforms) = postSolution
		{76ECAC98-2D0E-4721-A59E-87919FF764F3}.Debug|Any CPU.ActiveCfg = Debug|Any CPU
		{76ECAC98-2D0E-4721-A59E-87919FF764F3}.Debug|Any CPU.Build.0 = Debug|Any CPU
		{76ECAC98-2D0E-4721-A59E-87919FF764F3}.Release|Any CPU.ActiveCfg = Release|Any CPU
		{76ECAC98-2D0E-4721-A59E-87919FF764F3}.Release|Any CPU.Build.0 = Release|Any CPU
	EndGlobalSection
	GlobalSection(SolutionProperties) = preSolution
		HideSolutionNode = FALSE
	EndGlobalSection
	GlobalSection(ExtensibilityGlobals) = postSolution
		SolutionGuid = {566DECB1-05AD-4FB7-ABF7-C3858EBE3CCC}
	EndGlobalSection
EndGlobal
