
Microsoft Visual Studio Solution File, Format Version 12.00
# Visual Studio Version 16
VisualStudioVersion = 16.0.29920.165
MinimumVisualStudioVersion = 10.0.40219.1
Project("{FAE04EC0-301F-11D3-BF4B-00C04F79EFBC}") = "12", "12\12.csproj", "{67FED0C0-214D-4BE0-B265-71E0FF81234A}"
EndProject
Global
	GlobalSection(SolutionConfigurationPlatforms) = preSolution
		Debug|Any CPU = Debug|Any CPU
		Release|Any CPU = Release|Any CPU
	EndGlobalSection
	GlobalSection(ProjectConfigurationPlatforms) = postSolution
		{67FED0C0-214D-4BE0-B265-71E0FF81234A}.Debug|Any CPU.ActiveCfg = Debug|Any CPU
		{67FED0C0-214D-4BE0-B265-71E0FF81234A}.Debug|Any CPU.Build.0 = Debug|Any CPU
		{67FED0C0-214D-4BE0-B265-71E0FF81234A}.Release|Any CPU.ActiveCfg = Release|Any CPU
		{67FED0C0-214D-4BE0-B265-71E0FF81234A}.Release|Any CPU.Build.0 = Release|Any CPU
	EndGlobalSection
	GlobalSection(SolutionProperties) = preSolution
		HideSolutionNode = FALSE
	EndGlobalSection
	GlobalSection(ExtensibilityGlobals) = postSolution
		SolutionGuid = {1870F54A-CDF4-44E5-848F-33F1DD28FAF2}
	EndGlobalSection
EndGlobal
