
Microsoft Visual Studio Solution File, Format Version 12.00
# Visual Studio Version 16
VisualStudioVersion = 16.0.29920.165
MinimumVisualStudioVersion = 10.0.40219.1
Project("{FAE04EC0-301F-11D3-BF4B-00C04F79EFBC}") = "Praktika6", "Praktika6\Praktika6.csproj", "{F25D1BD8-D597-4340-B70D-4687B262EB9C}"
EndProject
Global
	GlobalSection(SolutionConfigurationPlatforms) = preSolution
		Debug|Any CPU = Debug|Any CPU
		Release|Any CPU = Release|Any CPU
	EndGlobalSection
	GlobalSection(ProjectConfigurationPlatforms) = postSolution
		{F25D1BD8-D597-4340-B70D-4687B262EB9C}.Debug|Any CPU.ActiveCfg = Debug|Any CPU
		{F25D1BD8-D597-4340-B70D-4687B262EB9C}.Debug|Any CPU.Build.0 = Debug|Any CPU
		{F25D1BD8-D597-4340-B70D-4687B262EB9C}.Release|Any CPU.ActiveCfg = Release|Any CPU
		{F25D1BD8-D597-4340-B70D-4687B262EB9C}.Release|Any CPU.Build.0 = Release|Any CPU
	EndGlobalSection
	GlobalSection(SolutionProperties) = preSolution
		HideSolutionNode = FALSE
	EndGlobalSection
	GlobalSection(ExtensibilityGlobals) = postSolution
		SolutionGuid = {B3070700-9C28-42C2-8B5A-91DDDD2BA92D}
	EndGlobalSection
EndGlobal
