
Microsoft Visual Studio Solution File, Format Version 12.00
# Visual Studio Version 16
VisualStudioVersion = 16.0.29920.165
MinimumVisualStudioVersion = 10.0.40219.1
Project("{FAE04EC0-301F-11D3-BF4B-00C04F79EFBC}") = "Praktika7", "Praktika7\Praktika7.csproj", "{109191AD-057F-4610-AE8C-7006B93DC7D0}"
EndProject
Global
	GlobalSection(SolutionConfigurationPlatforms) = preSolution
		Debug|Any CPU = Debug|Any CPU
		Release|Any CPU = Release|Any CPU
	EndGlobalSection
	GlobalSection(ProjectConfigurationPlatforms) = postSolution
		{109191AD-057F-4610-AE8C-7006B93DC7D0}.Debug|Any CPU.ActiveCfg = Debug|Any CPU
		{109191AD-057F-4610-AE8C-7006B93DC7D0}.Debug|Any CPU.Build.0 = Debug|Any CPU
		{109191AD-057F-4610-AE8C-7006B93DC7D0}.Release|Any CPU.ActiveCfg = Release|Any CPU
		{109191AD-057F-4610-AE8C-7006B93DC7D0}.Release|Any CPU.Build.0 = Release|Any CPU
	EndGlobalSection
	GlobalSection(SolutionProperties) = preSolution
		HideSolutionNode = FALSE
	EndGlobalSection
	GlobalSection(ExtensibilityGlobals) = postSolution
		SolutionGuid = {C48F34F7-6821-4A0B-88B5-FCFA7CD2BA6E}
	EndGlobalSection
EndGlobal
